{
  "originHash" : "0fde5315a4a2c273ee4c0d051508bff85035ece047042b17d7a31c7a364c8680",
  "pins" : [
    {
      "identity" : "injectable",
      "kind" : "remoteSourceControl",
      "location" : "https://github.com/nhiroyasu/Injectable.git",
      "state" : {
        "revision" : "c161cbae5ae4d331cb94b4e88aeb09f59cce7e9f",
        "version" : "1.0.3"
      }
    },
    {
      "identity" : "launchatlogin",
      "kind" : "remoteSourceControl",
      "location" : "https://github.com/sindresorhus/LaunchAtLogin",
      "state" : {
        "revision" : "22923d335429bfd38c52435505b06a10bcc520fd",
        "version" : "5.0.1"
      }
    },
    {
      "identity" : "realm-core",
      "kind" : "remoteSourceControl",
      "location" : "https://github.com/realm/realm-core.git",
      "state" : {
        "revision" : "374dd672af357732dccc135fecc905406fec3223",
        "version" : "14.4.1"
      }
    },
    {
      "identity" : "realm-swift",
      "kind" : "remoteSourceControl",
      "location" : "https://github.com/realm/realm-swift.git",
      "state" : {
        "revision" : "e0c2fbb442979fbf1e4be80e01d142f310a9c762",
        "version" : "10.49.1"
      }
    },
    {
      "identity" : "swinject",
      "kind" : "remoteSourceControl",
      "location" : "https://github.com/Swinject/Swinject.git",
      "state" : {
        "revision" : "b45ac37ca19905b2e12c429807e1955a7d43d1fd",
        "version" : "2.8.6"
      }
    }
  ],
  "version" : 3
}
